
Microsoft Visual Studio Solution File, Format Version 12.00
# Visual Studio Version 16
VisualStudioVersion = 16.0.32126.315
MinimumVisualStudioVersion = 10.0.40219.1
Project("{2150E333-8FDC-42A3-9474-1A3956D46DE8}") = "Solution Items", "Solution Items", "{A81404F7-5B12-4F5C-98C9-7EFFC3AB1AD8}"
	ProjectSection(SolutionItems) = preProject
		..\.gitignore = ..\.gitignore
		docker-compose.yml = docker-compose.yml
		Dockerfile = Dockerfile
		README.md = README.md
		Shotcurts.txt = Shotcurts.txt
	EndProjectSection
EndProject
Project("{2150E333-8FDC-42A3-9474-1A3956D46DE8}") = "src", "src", "{668D1138-1682-4156-84AC-D8F80C0AC655}"
EndProject
Project("{9A19103F-16F7-4668-BE54-9A1E7A4F7556}") = "WebApi", "src\WebApi\WebApi.csproj", "{9900A8E4-3C8C-4168-BEB9-0A5CD1C6DC35}"
EndProject
Project("{9A19103F-16F7-4668-BE54-9A1E7A4F7556}") = "Data", "src\Data\Data.csproj", "{F0467783-D75F-444E-BF32-9158B998D409}"
EndProject
Project("{9A19103F-16F7-4668-BE54-9A1E7A4F7556}") = "Core", "src\Core\Core.csproj", "{D0D764C3-96D6-4727-8DEC-655CF4D6CEC7}"
EndProject
Project("{2150E333-8FDC-42A3-9474-1A3956D46DE8}") = "test", "test", "{B628AC35-E340-4678-8A4A-8243732E013D}"
EndProject
Project("{9A19103F-16F7-4668-BE54-9A1E7A4F7556}") = "WebApi.Test", "test\WebApi.Test\WebApi.Test.csproj", "{CAB3C38B-43FF-4150-82D5-F2BEB95077D9}"
EndProject
Project("{9A19103F-16F7-4668-BE54-9A1E7A4F7556}") = "Core.Test", "test\Core.Test\Core.Test.csproj", "{364C9E2D-839A-48F9-B00B-E1141CB76AC7}"
EndProject
Project("{2150E333-8FDC-42A3-9474-1A3956D46DE8}") = "clients", "clients", "{279C990A-9537-49DD-ADC2-40FF1A387684}"
	ProjectSection(SolutionItems) = preProject
		clients\insomnia.json = clients\insomnia.json
	EndProjectSection
EndProject
Global
	GlobalSection(SolutionConfigurationPlatforms) = preSolution
		Debug|Any CPU = Debug|Any CPU
		Release|Any CPU = Release|Any CPU
	EndGlobalSection
	GlobalSection(ProjectConfigurationPlatforms) = postSolution
		{9900A8E4-3C8C-4168-BEB9-0A5CD1C6DC35}.Debug|Any CPU.ActiveCfg = Debug|Any CPU
		{9900A8E4-3C8C-4168-BEB9-0A5CD1C6DC35}.Debug|Any CPU.Build.0 = Debug|Any CPU
		{9900A8E4-3C8C-4168-BEB9-0A5CD1C6DC35}.Release|Any CPU.ActiveCfg = Release|Any CPU
		{9900A8E4-3C8C-4168-BEB9-0A5CD1C6DC35}.Release|Any CPU.Build.0 = Release|Any CPU
		{F0467783-D75F-444E-BF32-9158B998D409}.Debug|Any CPU.ActiveCfg = Debug|Any CPU
		{F0467783-D75F-444E-BF32-9158B998D409}.Debug|Any CPU.Build.0 = Debug|Any CPU
		{F0467783-D75F-444E-BF32-9158B998D409}.Release|Any CPU.ActiveCfg = Release|Any CPU
		{F0467783-D75F-444E-BF32-9158B998D409}.Release|Any CPU.Build.0 = Release|Any CPU
		{D0D764C3-96D6-4727-8DEC-655CF4D6CEC7}.Debug|Any CPU.ActiveCfg = Debug|Any CPU
		{D0D764C3-96D6-4727-8DEC-655CF4D6CEC7}.Debug|Any CPU.Build.0 = Debug|Any CPU
		{D0D764C3-96D6-4727-8DEC-655CF4D6CEC7}.Release|Any CPU.ActiveCfg = Release|Any CPU
		{D0D764C3-96D6-4727-8DEC-655CF4D6CEC7}.Release|Any CPU.Build.0 = Release|Any CPU
		{CAB3C38B-43FF-4150-82D5-F2BEB95077D9}.Debug|Any CPU.ActiveCfg = Debug|Any CPU
		{CAB3C38B-43FF-4150-82D5-F2BEB95077D9}.Release|Any CPU.ActiveCfg = Release|Any CPU
		{364C9E2D-839A-48F9-B00B-E1141CB76AC7}.Debug|Any CPU.ActiveCfg = Debug|Any CPU
		{364C9E2D-839A-48F9-B00B-E1141CB76AC7}.Release|Any CPU.ActiveCfg = Release|Any CPU
	EndGlobalSection
	GlobalSection(SolutionProperties) = preSolution
		HideSolutionNode = FALSE
	EndGlobalSection
	GlobalSection(NestedProjects) = preSolution
		{9900A8E4-3C8C-4168-BEB9-0A5CD1C6DC35} = {668D1138-1682-4156-84AC-D8F80C0AC655}
		{F0467783-D75F-444E-BF32-9158B998D409} = {668D1138-1682-4156-84AC-D8F80C0AC655}
		{D0D764C3-96D6-4727-8DEC-655CF4D6CEC7} = {668D1138-1682-4156-84AC-D8F80C0AC655}
		{CAB3C38B-43FF-4150-82D5-F2BEB95077D9} = {B628AC35-E340-4678-8A4A-8243732E013D}
		{364C9E2D-839A-48F9-B00B-E1141CB76AC7} = {B628AC35-E340-4678-8A4A-8243732E013D}
	EndGlobalSection
	GlobalSection(ExtensibilityGlobals) = postSolution
		SolutionGuid = {116B8CEF-73D5-491C-9D7A-0803B77448A7}
	EndGlobalSection
EndGlobal
