
Microsoft Visual Studio Solution File, Format Version 12.00
# Visual Studio Version 17
VisualStudioVersion = 17.1.32210.238
MinimumVisualStudioVersion = 10.0.40219.1
Project("{9A19103F-16F7-4668-BE54-9A1E7A4F7556}") = "WebApi", "WebApi\WebApi.csproj", "{9E80F839-9665-4FCE-9099-02E28C87F877}"
EndProject
Project("{2150E333-8FDC-42A3-9474-1A3956D46DE8}") = "Solution Items", "Solution Items", "{A81404F7-5B12-4F5C-98C9-7EFFC3AB1AD8}"
	ProjectSection(SolutionItems) = preProject
		..\.gitignore = ..\.gitignore
	EndProjectSection
EndProject
Project("{FAE04EC0-301F-11D3-BF4B-00C04F79EFBC}") = "Core", "Core\Core.csproj", "{5DCCF583-F2A5-4A7A-A9A5-474829603E91}"
EndProject
Project("{FAE04EC0-301F-11D3-BF4B-00C04F79EFBC}") = "Test", "Test\Test.csproj", "{BFBB6066-432A-4777-A5C5-093349842D34}"
EndProject
Global
	GlobalSection(SolutionConfigurationPlatforms) = preSolution
		Debug|Any CPU = Debug|Any CPU
		Release|Any CPU = Release|Any CPU
	EndGlobalSection
	GlobalSection(ProjectConfigurationPlatforms) = postSolution
		{9E80F839-9665-4FCE-9099-02E28C87F877}.Debug|Any CPU.ActiveCfg = Debug|Any CPU
		{9E80F839-9665-4FCE-9099-02E28C87F877}.Debug|Any CPU.Build.0 = Debug|Any CPU
		{9E80F839-9665-4FCE-9099-02E28C87F877}.Release|Any CPU.ActiveCfg = Release|Any CPU
		{9E80F839-9665-4FCE-9099-02E28C87F877}.Release|Any CPU.Build.0 = Release|Any CPU
		{5DCCF583-F2A5-4A7A-A9A5-474829603E91}.Debug|Any CPU.ActiveCfg = Debug|Any CPU
		{5DCCF583-F2A5-4A7A-A9A5-474829603E91}.Debug|Any CPU.Build.0 = Debug|Any CPU
		{5DCCF583-F2A5-4A7A-A9A5-474829603E91}.Release|Any CPU.ActiveCfg = Release|Any CPU
		{5DCCF583-F2A5-4A7A-A9A5-474829603E91}.Release|Any CPU.Build.0 = Release|Any CPU
		{BFBB6066-432A-4777-A5C5-093349842D34}.Debug|Any CPU.ActiveCfg = Debug|Any CPU
		{BFBB6066-432A-4777-A5C5-093349842D34}.Debug|Any CPU.Build.0 = Debug|Any CPU
		{BFBB6066-432A-4777-A5C5-093349842D34}.Release|Any CPU.ActiveCfg = Release|Any CPU
		{BFBB6066-432A-4777-A5C5-093349842D34}.Release|Any CPU.Build.0 = Release|Any CPU
	EndGlobalSection
	GlobalSection(SolutionProperties) = preSolution
		HideSolutionNode = FALSE
	EndGlobalSection
	GlobalSection(ExtensibilityGlobals) = postSolution
		SolutionGuid = {116B8CEF-73D5-491C-9D7A-0803B77448A7}
	EndGlobalSection
EndGlobal
